lockfileVersion: '6.0'

settings:
  autoInstallPeers: true
  excludeLinksFromLockfile: false

dependencies:
  '@deepseek-ai/cordis':
    specifier: link:/Users/machenchi/github/deepseek-harness/vendor/cordis
    version: link:../deepseek-harness/vendor/cordis
  '@deepseek-ai/dsh-agent':
    specifier: link:/Users/machenchi/github/deepseek-harness/packages/core/agent
    version: link:../deepseek-harness/packages/core/agent
  '@deepseek-ai/dsh-llm':
    specifier: link:/Users/machenchi/github/deepseek-harness/packages/llm/llm
    version: link:../deepseek-harness/packages/llm/llm
  '@deepseek-ai/dsh-session':
    specifier: link:/Users/machenchi/github/deepseek-harness/packages/core/session
    version: link:../deepseek-harness/packages/core/session
  '@deepseek-ai/dsh-subagent':
    specifier: link:/Users/machenchi/github/deepseek-harness/packages/subagent/subagent
    version: link:../deepseek-harness/packages/subagent/subagent
  '@deepseek-ai/dsh-system-prompt':
    specifier: link:/Users/machenchi/github/deepseek-harness/packages/core/system-prompt
    version: link:../deepseek-harness/packages/core/system-prompt
  '@deepseek-ai/dsh-tools':
    specifier: link:/Users/machenchi/github/deepseek-harness/packages/core/tools
    version: link:../deepseek-harness/packages/core/tools
  '@deepseek-ai/schemastery':
    specifier: link:/Users/machenchi/github/deepseek-harness/vendor/schemastery
    version: link:../deepseek-harness/vendor/schemastery

devDependencies:
  typescript:
    specifier: file:/Users/machenchi/github/deepseek-harness/node_modules/typescript
    version: file:../deepseek-harness/node_modules/typescript

packages:

  file:../deepseek-harness/node_modules/typescript:
    resolution: {directory: ../deepseek-harness/node_modules/typescript, type: directory}
    name: typescript
    engines: {node: '>=14.17'}
    hasBin: true
    dev: true
